Microsoft Visual Studio Solution File, Format Version 12.00
# Visual Studio 15
Project("{8BC9CEB8-8B4A-11D0-8D11-00A0C91BC942}") = "ALL_BUILD", "ALL_BUILD.vcxproj", "{FEE228A9-E169-30AA-A192-72C1A5C62B05}"
	ProjectSection(ProjectDependencies) = postProject
		{81CB3235-687E-3F5D-8E7E-8D17146287AB} = {81CB3235-687E-3F5D-8E7E-8D17146287AB}
		{A0C23A3F-E416-3EF2-94C2-45C2410B125E} = {A0C23A3F-E416-3EF2-94C2-45C2410B125E}
		{E27BBB30-2509-37ED-B62F-0DDCDD74C0D9} = {E27BBB30-2509-37ED-B62F-0DDCDD74C0D9}
		{0DA049D6-DD56-3682-9937-034100BF64B3} = {0DA049D6-DD56-3682-9937-034100BF64B3}
		{DF0179AF-9261-3B41-ACE1-BA1D339A8079} = {DF0179AF-9261-3B41-ACE1-BA1D339A8079}
		{19F20B95-85BB-31C2-8C43-654B2FD74634} = {19F20B95-85BB-31C2-8C43-654B2FD74634}
		{F83FDF17-8464-396E-B08D-7F0D758B3901} = {F83FDF17-8464-396E-B08D-7F0D758B3901}
	EndProjectSection
EndProject
Project("{8BC9CEB8-8B4A-11D0-8D11-00A0C91BC942}") = "INSTALL", "INSTALL.vcxproj", "{3C39C2D5-6507-3436-8F03-0319402B0172}"
	ProjectSection(ProjectDependencies) = postProject
		{FEE228A9-E169-30AA-A192-72C1A5C62B05} = {FEE228A9-E169-30AA-A192-72C1A5C62B05}
		{81CB3235-687E-3F5D-8E7E-8D17146287AB} = {81CB3235-687E-3F5D-8E7E-8D17146287AB}
	EndProjectSection
EndProject
Project("{8BC9CEB8-8B4A-11D0-8D11-00A0C91BC942}") = "Tests", "Tests.vcxproj", "{FDE723DB-9616-3C4D-B47F-6B06CCD71F8F}"
	ProjectSection(ProjectDependencies) = postProject
		{81CB3235-687E-3F5D-8E7E-8D17146287AB} = {81CB3235-687E-3F5D-8E7E-8D17146287AB}
	EndProjectSection
EndProject
Project("{8BC9CEB8-8B4A-11D0-8D11-00A0C91BC942}") = "ZERO_CHECK", "ZERO_CHECK.vcxproj", "{81CB3235-687E-3F5D-8E7E-8D17146287AB}"
	ProjectSection(ProjectDependencies) = postProject
	EndProjectSection
EndProject
Project("{8BC9CEB8-8B4A-11D0-8D11-00A0C91BC942}") = "libmosquitto", "lib\libmosquitto.vcxproj", "{A0C23A3F-E416-3EF2-94C2-45C2410B125E}"
	ProjectSection(ProjectDependencies) = postProject
		{81CB3235-687E-3F5D-8E7E-8D17146287AB} = {81CB3235-687E-3F5D-8E7E-8D17146287AB}
	EndProjectSection
EndProject
Project("{8BC9CEB8-8B4A-11D0-8D11-00A0C91BC942}") = "mosquitto", "src\mosquitto.vcxproj", "{E27BBB30-2509-37ED-B62F-0DDCDD74C0D9}"
	ProjectSection(ProjectDependencies) = postProject
		{81CB3235-687E-3F5D-8E7E-8D17146287AB} = {81CB3235-687E-3F5D-8E7E-8D17146287AB}
	EndProjectSection
EndProject
Project("{8BC9CEB8-8B4A-11D0-8D11-00A0C91BC942}") = "mosquitto_passwd", "src\mosquitto_passwd.vcxproj", "{0DA049D6-DD56-3682-9937-034100BF64B3}"
	ProjectSection(ProjectDependencies) = postProject
		{81CB3235-687E-3F5D-8E7E-8D17146287AB} = {81CB3235-687E-3F5D-8E7E-8D17146287AB}
	EndProjectSection
EndProject
Project("{8BC9CEB8-8B4A-11D0-8D11-00A0C91BC942}") = "mosquitto_pub", "client\mosquitto_pub.vcxproj", "{DF0179AF-9261-3B41-ACE1-BA1D339A8079}"
	ProjectSection(ProjectDependencies) = postProject
		{81CB3235-687E-3F5D-8E7E-8D17146287AB} = {81CB3235-687E-3F5D-8E7E-8D17146287AB}
		{A0C23A3F-E416-3EF2-94C2-45C2410B125E} = {A0C23A3F-E416-3EF2-94C2-45C2410B125E}
	EndProjectSection
EndProject
Project("{8BC9CEB8-8B4A-11D0-8D11-00A0C91BC942}") = "mosquitto_sub", "client\mosquitto_sub.vcxproj", "{19F20B95-85BB-31C2-8C43-654B2FD74634}"
	ProjectSection(ProjectDependencies) = postProject
		{81CB3235-687E-3F5D-8E7E-8D17146287AB} = {81CB3235-687E-3F5D-8E7E-8D17146287AB}
		{A0C23A3F-E416-3EF2-94C2-45C2410B125E} = {A0C23A3F-E416-3EF2-94C2-45C2410B125E}
	EndProjectSection
EndProject
Project("{8BC9CEB8-8B4A-11D0-8D11-00A0C91BC942}") = "mosquittopp", "lib\cpp\mosquittopp.vcxproj", "{F83FDF17-8464-396E-B08D-7F0D758B3901}"
	ProjectSection(ProjectDependencies) = postProject
		{81CB3235-687E-3F5D-8E7E-8D17146287AB} = {81CB3235-687E-3F5D-8E7E-8D17146287AB}
		{A0C23A3F-E416-3EF2-94C2-45C2410B125E} = {A0C23A3F-E416-3EF2-94C2-45C2410B125E}
	EndProjectSection
EndProject
Global
	GlobalSection(SolutionConfigurationPlatforms) = preSolution
		Debug|x64 = Debug|x64
		Release|x64 = Release|x64
		MinSizeRel|x64 = MinSizeRel|x64
		RelWithDebInfo|x64 = RelWithDebInfo|x64
	EndGlobalSection
	GlobalSection(ProjectConfigurationPlatforms) = postSolution
		{FEE228A9-E169-30AA-A192-72C1A5C62B05}.Debug|x64.ActiveCfg = Debug|x64
		{FEE228A9-E169-30AA-A192-72C1A5C62B05}.Debug|x64.Build.0 = Debug|x64
		{FEE228A9-E169-30AA-A192-72C1A5C62B05}.Release|x64.ActiveCfg = Release|x64
		{FEE228A9-E169-30AA-A192-72C1A5C62B05}.Release|x64.Build.0 = Release|x64
		{FEE228A9-E169-30AA-A192-72C1A5C62B05}.MinSizeRel|x64.ActiveCfg = MinSizeRel|x64
		{FEE228A9-E169-30AA-A192-72C1A5C62B05}.MinSizeRel|x64.Build.0 = MinSizeRel|x64
		{FEE228A9-E169-30AA-A192-72C1A5C62B05}.RelWithDebInfo|x64.ActiveCfg = RelWithDebInfo|x64
		{FEE228A9-E169-30AA-A192-72C1A5C62B05}.RelWithDebInfo|x64.Build.0 = RelWithDebInfo|x64
		{3C39C2D5-6507-3436-8F03-0319402B0172}.Debug|x64.ActiveCfg = Debug|x64
		{3C39C2D5-6507-3436-8F03-0319402B0172}.Release|x64.ActiveCfg = Release|x64
		{3C39C2D5-6507-3436-8F03-0319402B0172}.MinSizeRel|x64.ActiveCfg = MinSizeRel|x64
		{3C39C2D5-6507-3436-8F03-0319402B0172}.RelWithDebInfo|x64.ActiveCfg = RelWithDebInfo|x64
		{FDE723DB-9616-3C4D-B47F-6B06CCD71F8F}.Debug|x64.ActiveCfg = Debug|x64
		{FDE723DB-9616-3C4D-B47F-6B06CCD71F8F}.Release|x64.ActiveCfg = Release|x64
		{FDE723DB-9616-3C4D-B47F-6B06CCD71F8F}.MinSizeRel|x64.ActiveCfg = MinSizeRel|x64
		{FDE723DB-9616-3C4D-B47F-6B06CCD71F8F}.RelWithDebInfo|x64.ActiveCfg = RelWithDebInfo|x64
		{81CB3235-687E-3F5D-8E7E-8D17146287AB}.Debug|x64.ActiveCfg = Debug|x64
		{81CB3235-687E-3F5D-8E7E-8D17146287AB}.Debug|x64.Build.0 = Debug|x64
		{81CB3235-687E-3F5D-8E7E-8D17146287AB}.Release|x64.ActiveCfg = Release|x64
		{81CB3235-687E-3F5D-8E7E-8D17146287AB}.Release|x64.Build.0 = Release|x64
		{81CB3235-687E-3F5D-8E7E-8D17146287AB}.MinSizeRel|x64.ActiveCfg = MinSizeRel|x64
		{81CB3235-687E-3F5D-8E7E-8D17146287AB}.MinSizeRel|x64.Build.0 = MinSizeRel|x64
		{81CB3235-687E-3F5D-8E7E-8D17146287AB}.RelWithDebInfo|x64.ActiveCfg = RelWithDebInfo|x64
		{81CB3235-687E-3F5D-8E7E-8D17146287AB}.RelWithDebInfo|x64.Build.0 = RelWithDebInfo|x64
		{A0C23A3F-E416-3EF2-94C2-45C2410B125E}.Debug|x64.ActiveCfg = Debug|x64
		{A0C23A3F-E416-3EF2-94C2-45C2410B125E}.Debug|x64.Build.0 = Debug|x64
		{A0C23A3F-E416-3EF2-94C2-45C2410B125E}.Release|x64.ActiveCfg = Release|x64
		{A0C23A3F-E416-3EF2-94C2-45C2410B125E}.Release|x64.Build.0 = Release|x64
		{A0C23A3F-E416-3EF2-94C2-45C2410B125E}.MinSizeRel|x64.ActiveCfg = MinSizeRel|x64
		{A0C23A3F-E416-3EF2-94C2-45C2410B125E}.MinSizeRel|x64.Build.0 = MinSizeRel|x64
		{A0C23A3F-E416-3EF2-94C2-45C2410B125E}.RelWithDebInfo|x64.ActiveCfg = RelWithDebInfo|x64
		{A0C23A3F-E416-3EF2-94C2-45C2410B125E}.RelWithDebInfo|x64.Build.0 = RelWithDebInfo|x64
		{E27BBB30-2509-37ED-B62F-0DDCDD74C0D9}.Debug|x64.ActiveCfg = Debug|x64
		{E27BBB30-2509-37ED-B62F-0DDCDD74C0D9}.Debug|x64.Build.0 = Debug|x64
		{E27BBB30-2509-37ED-B62F-0DDCDD74C0D9}.Release|x64.ActiveCfg = Release|x64
		{E27BBB30-2509-37ED-B62F-0DDCDD74C0D9}.Release|x64.Build.0 = Release|x64
		{E27BBB30-2509-37ED-B62F-0DDCDD74C0D9}.MinSizeRel|x64.ActiveCfg = MinSizeRel|x64
		{E27BBB30-2509-37ED-B62F-0DDCDD74C0D9}.MinSizeRel|x64.Build.0 = MinSizeRel|x64
		{E27BBB30-2509-37ED-B62F-0DDCDD74C0D9}.RelWithDebInfo|x64.ActiveCfg = RelWithDebInfo|x64
		{E27BBB30-2509-37ED-B62F-0DDCDD74C0D9}.RelWithDebInfo|x64.Build.0 = RelWithDebInfo|x64
		{0DA049D6-DD56-3682-9937-034100BF64B3}.Debug|x64.ActiveCfg = Debug|x64
		{0DA049D6-DD56-3682-9937-034100BF64B3}.Debug|x64.Build.0 = Debug|x64
		{0DA049D6-DD56-3682-9937-034100BF64B3}.Release|x64.ActiveCfg = Release|x64
		{0DA049D6-DD56-3682-9937-034100BF64B3}.Release|x64.Build.0 = Release|x64
		{0DA049D6-DD56-3682-9937-034100BF64B3}.MinSizeRel|x64.ActiveCfg = MinSizeRel|x64
		{0DA049D6-DD56-3682-9937-034100BF64B3}.MinSizeRel|x64.Build.0 = MinSizeRel|x64
		{0DA049D6-DD56-3682-9937-034100BF64B3}.RelWithDebInfo|x64.ActiveCfg = RelWithDebInfo|x64
		{0DA049D6-DD56-3682-9937-034100BF64B3}.RelWithDebInfo|x64.Build.0 = RelWithDebInfo|x64
		{DF0179AF-9261-3B41-ACE1-BA1D339A8079}.Debug|x64.ActiveCfg = Debug|x64
		{DF0179AF-9261-3B41-ACE1-BA1D339A8079}.Debug|x64.Build.0 = Debug|x64
		{DF0179AF-9261-3B41-ACE1-BA1D339A8079}.Release|x64.ActiveCfg = Release|x64
		{DF0179AF-9261-3B41-ACE1-BA1D339A8079}.Release|x64.Build.0 = Release|x64
		{DF0179AF-9261-3B41-ACE1-BA1D339A8079}.MinSizeRel|x64.ActiveCfg = MinSizeRel|x64
		{DF0179AF-9261-3B41-ACE1-BA1D339A8079}.MinSizeRel|x64.Build.0 = MinSizeRel|x64
		{DF0179AF-9261-3B41-ACE1-BA1D339A8079}.RelWithDebInfo|x64.ActiveCfg = RelWithDebInfo|x64
		{DF0179AF-9261-3B41-ACE1-BA1D339A8079}.RelWithDebInfo|x64.Build.0 = RelWithDebInfo|x64
		{19F20B95-85BB-31C2-8C43-654B2FD74634}.Debug|x64.ActiveCfg = Debug|x64
		{19F20B95-85BB-31C2-8C43-654B2FD74634}.Debug|x64.Build.0 = Debug|x64
		{19F20B95-85BB-31C2-8C43-654B2FD74634}.Release|x64.ActiveCfg = Release|x64
		{19F20B95-85BB-31C2-8C43-654B2FD74634}.Release|x64.Build.0 = Release|x64
		{19F20B95-85BB-31C2-8C43-654B2FD74634}.MinSizeRel|x64.ActiveCfg = MinSizeRel|x64
		{19F20B95-85BB-31C2-8C43-654B2FD74634}.MinSizeRel|x64.Build.0 = MinSizeRel|x64
		{19F20B95-85BB-31C2-8C43-654B2FD74634}.RelWithDebInfo|x64.ActiveCfg = RelWithDebInfo|x64
		{19F20B95-85BB-31C2-8C43-654B2FD74634}.RelWithDebInfo|x64.Build.0 = RelWithDebInfo|x64
		{F83FDF17-8464-396E-B08D-7F0D758B3901}.Debug|x64.ActiveCfg = Debug|x64
		{F83FDF17-8464-396E-B08D-7F0D758B3901}.Debug|x64.Build.0 = Debug|x64
		{F83FDF17-8464-396E-B08D-7F0D758B3901}.Release|x64.ActiveCfg = Release|x64
		{F83FDF17-8464-396E-B08D-7F0D758B3901}.Release|x64.Build.0 = Release|x64
		{F83FDF17-8464-396E-B08D-7F0D758B3901}.MinSizeRel|x64.ActiveCfg = MinSizeRel|x64
		{F83FDF17-8464-396E-B08D-7F0D758B3901}.MinSizeRel|x64.Build.0 = MinSizeRel|x64
		{F83FDF17-8464-396E-B08D-7F0D758B3901}.RelWithDebInfo|x64.ActiveCfg = RelWithDebInfo|x64
		{F83FDF17-8464-396E-B08D-7F0D758B3901}.RelWithDebInfo|x64.Build.0 = RelWithDebInfo|x64
	EndGlobalSection
	GlobalSection(ExtensibilityGlobals) = postSolution
		SolutionGuid = {8BF65EA2-EB2E-3F2A-BD21-1F2CE0688271}
	EndGlobalSection
	GlobalSection(ExtensibilityAddIns) = postSolution
	EndGlobalSection
EndGlobal
